
Microsoft Visual Studio Solution File, Format Version 12.00
# Visual Studio 15
VisualStudioVersion = 15.0.28306.52
MinimumVisualStudioVersion = 10.0.40219.1
Project("{FAE04EC0-301F-11D3-BF4B-00C04F79EFBC}") = "DigitalOceanCommunityTutorials", "DigitalOceanCommunityTutorials\DigitalOceanCommunityTutorials.csproj", "{2B250C7E-4321-4747-A508-F8B8E1603302}"
EndProject
Global
	GlobalSection(SolutionConfigurationPlatforms) = preSolution
		Debug|Any CPU = Debug|Any CPU
		Release|Any CPU = Release|Any CPU
	EndGlobalSection
	GlobalSection(ProjectConfigurationPlatforms) = postSolution
		{2B250C7E-4321-4747-A508-F8B8E1603302}.Debug|Any CPU.ActiveCfg = Debug|Any CPU
		{2B250C7E-4321-4747-A508-F8B8E1603302}.Debug|Any CPU.Build.0 = Debug|Any CPU
		{2B250C7E-4321-4747-A508-F8B8E1603302}.Release|Any CPU.ActiveCfg = Release|Any CPU
		{2B250C7E-4321-4747-A508-F8B8E1603302}.Release|Any CPU.Build.0 = Release|Any CPU
	EndGlobalSection
	GlobalSection(SolutionProperties) = preSolution
		HideSolutionNode = FALSE
	EndGlobalSection
	GlobalSection(ExtensibilityGlobals) = postSolution
		SolutionGuid = {C7FE6A43-F211-4A16-9B1F-172A90536BA8}
	EndGlobalSection
EndGlobal
